
Microsoft Visual Studio Solution File, Format Version 12.00
# Visual Studio Version 17
VisualStudioVersion = 17.11.35327.3
MinimumVisualStudioVersion = 10.0.40219.1
Project("{FAE04EC0-301F-11D3-BF4B-00C04F79EFBC}") = "PersonApp", "PersonApp\PersonApp.csproj", "{8AF954CA-EC2F-4EE7-ADD4-64B219AF677F}"
EndProject
Global
	GlobalSection(SolutionConfigurationPlatforms) = preSolution
		Debug|Any CPU = Debug|Any CPU
		Release|Any CPU = Release|Any CPU
	EndGlobalSection
	GlobalSection(ProjectConfigurationPlatforms) = postSolution
		{8AF954CA-EC2F-4EE7-ADD4-64B219AF677F}.Debug|Any CPU.ActiveCfg = Debug|Any CPU
		{8AF954CA-EC2F-4EE7-ADD4-64B219AF677F}.Debug|Any CPU.Build.0 = Debug|Any CPU
		{8AF954CA-EC2F-4EE7-ADD4-64B219AF677F}.Release|Any CPU.ActiveCfg = Release|Any CPU
		{8AF954CA-EC2F-4EE7-ADD4-64B219AF677F}.Release|Any CPU.Build.0 = Release|Any CPU
	EndGlobalSection
	GlobalSection(SolutionProperties) = preSolution
		HideSolutionNode = FALSE
	EndGlobalSection
	GlobalSection(ExtensibilityGlobals) = postSolution
		SolutionGuid = {A4F1D7E0-63D9-4F8C-8A7A-2A4439DC53E1}
	EndGlobalSection
EndGlobal
